
Microsoft Visual Studio Solution File, Format Version 12.00
# Visual Studio Version 17
VisualStudioVersion = 17.2.32210.308
MinimumVisualStudioVersion = 10.0.40219.1
Project("{FAE04EC0-301F-11D3-BF4B-00C04F79EFBC}") = "UpmeetApi", "UpmeetApi\UpmeetApi.csproj", "{B9FE22C7-1CA2-4550-8B96-EA5AB80AC5D4}"
EndProject
Global
	GlobalSection(SolutionConfigurationPlatforms) = preSolution
		Debug|Any CPU = Debug|Any CPU
		Release|Any CPU = Release|Any CPU
	EndGlobalSection
	GlobalSection(ProjectConfigurationPlatforms) = postSolution
		{B9FE22C7-1CA2-4550-8B96-EA5AB80AC5D4}.Debug|Any CPU.ActiveCfg = Debug|Any CPU
		{B9FE22C7-1CA2-4550-8B96-EA5AB80AC5D4}.Debug|Any CPU.Build.0 = Debug|Any CPU
		{B9FE22C7-1CA2-4550-8B96-EA5AB80AC5D4}.Release|Any CPU.ActiveCfg = Release|Any CPU
		{B9FE22C7-1CA2-4550-8B96-EA5AB80AC5D4}.Release|Any CPU.Build.0 = Release|Any CPU
	EndGlobalSection
	GlobalSection(SolutionProperties) = preSolution
		HideSolutionNode = FALSE
	EndGlobalSection
	GlobalSection(ExtensibilityGlobals) = postSolution
		SolutionGuid = {B6541E9B-B4C7-4DC5-A39E-EF2B94E705A8}
	EndGlobalSection
EndGlobal
